
Microsoft Visual Studio Solution File, Format Version 12.00
# Visual Studio 14
VisualStudioVersion = 14.0.24720.0
MinimumVisualStudioVersion = 10.0.40219.1
Project("{8BC9CEB8-8B4A-11D0-8D11-00A0C91BC942}") = "HandTracker", "HandTracker.vcxproj", "{BF81E72D-E8AD-488F-86A8-8A78FDA8F25A}"
EndProject
Project("{2150E333-8FDC-42A3-9474-1A3956D46DE8}") = "Solution Items", "Solution Items", "{DC2FF372-F208-42D6-B9F9-EF62B157F82A}"
EndProject
Global
	GlobalSection(SolutionConfigurationPlatforms) = preSolution
		Debug|x64 = Debug|x64
		Debug|x86 = Debug|x86
		Release|x64 = Release|x64
		Release|x86 = Release|x86
	EndGlobalSection
	GlobalSection(ProjectConfigurationPlatforms) = postSolution
		{BF81E72D-E8AD-488F-86A8-8A78FDA8F25A}.Debug|x64.ActiveCfg = Debug|x64
		{BF81E72D-E8AD-488F-86A8-8A78FDA8F25A}.Debug|x64.Build.0 = Debug|x64
		{BF81E72D-E8AD-488F-86A8-8A78FDA8F25A}.Debug|x86.ActiveCfg = Debug|Win32
		{BF81E72D-E8AD-488F-86A8-8A78FDA8F25A}.Debug|x86.Build.0 = Debug|Win32
		{BF81E72D-E8AD-488F-86A8-8A78FDA8F25A}.Release|x64.ActiveCfg = Release|x64
		{BF81E72D-E8AD-488F-86A8-8A78FDA8F25A}.Release|x64.Build.0 = Release|x64
		{BF81E72D-E8AD-488F-86A8-8A78FDA8F25A}.Release|x86.ActiveCfg = Release|Win32
		{BF81E72D-E8AD-488F-86A8-8A78FDA8F25A}.Release|x86.Build.0 = Release|Win32
	EndGlobalSection
	GlobalSection(SolutionProperties) = preSolution
		HideSolutionNode = FALSE
	EndGlobalSection
EndGlobal
